# This file is automatically @generated by Poetry 1.7.1 and should not be changed by hand.

[[package]]
name = "attrs"
version = "23.2.0"
description = "Classes Without Boilerplate"
optional = false
python-versions = ">=3.7"
files = [
    {file = "attrs-23.2.0-py3-none-any.whl", hash = "sha256:99b87a485a5820b23b879f04c2305b44b951b502fd64be915879d77a7e8fc6f1"},
    {file = "attrs-23.2.0.tar.gz", hash = "sha256:935dc3b529c262f6cf76e50877d35a4bd3c1de194fd41f47a2b7ae8f19971f30"},
]

[package.extras]
cov = ["attrs[tests]", "coverage[toml] (>=5.3)"]
dev = ["attrs[tests]", "pre-commit"]
docs = ["furo", "myst-parser", "sphinx", "sphinx-notfound-page", "sphinxcontrib-towncrier", "towncrier", "zope-interface"]
tests = ["attrs[tests-no-zope]", "zope-interface"]
tests-mypy = ["mypy (>=1.6)", "pytest-mypy-plugins"]
tests-no-zope = ["attrs[tests-mypy]", "cloudpickle", "hypothesis", "pympler", "pytest (>=4.3.0)", "pytest-xdist[psutil]"]

[[package]]
name = "codespell"
version = "2.2.6"
description = "Codespell"
optional = false
python-versions = ">=3.8"
files = [
    {file = "codespell-2.2.6-py3-none-any.whl", hash = "sha256:9ee9a3e5df0990604013ac2a9f22fa8e57669c827124a2e961fe8a1da4cacc07"},
    {file = "codespell-2.2.6.tar.gz", hash = "sha256:a8c65d8eb3faa03deabab6b3bbe798bea72e1799c7e9e955d57eca4096abcff9"},
]

[package.extras]
dev = ["Pygments", "build", "chardet", "pre-commit", "pytest", "pytest-cov", "pytest-dependency", "ruff", "tomli", "twine"]
hard-encoding-detection = ["chardet"]
toml = ["tomli"]
types = ["chardet (>=5.1.0)", "mypy", "pytest", "pytest-cov", "pytest-dependency"]

[[package]]
name = "colorama"
version = "0.4.6"
description = "Cross-platform colored terminal text."
optional = false
python-versions = "!=3.0.*,!=3.1.*,!=3.2.*,!=3.3.*,!=3.4.*,!=3.5.*,!=3.6.*,>=2.7"
files = [
    {file = "colorama-0.4.6-py2.py3-none-any.whl", hash = "sha256:4f1d9991f5acc0ca119f9d443620b77f9d6b33703e51011c16baf57afb285fc6"},
    {file = "colorama-0.4.6.tar.gz", hash = "sha256:08695f5cb7ed6e0531a20572697297273c47b8cae5a63ffc6d6ed5c201be6e44"},
]

[[package]]
name = "hypothesis"
version = "6.97.6"
description = "A library for property-based testing"
optional = false
python-versions = ">=3.8"
files = [
    {file = "hypothesis-6.97.6-py3-none-any.whl", hash = "sha256:770188537164cbb7352809124a8c7dde77fd41143532621e552730fc4ebb56aa"},
    {file = "hypothesis-6.97.6.tar.gz", hash = "sha256:6091be70fb190426456ec28ac51734b9c4831b3feb3f519d33a7f61dc60b191a"},
]

[package.dependencies]
attrs = ">=22.2.0"
sortedcontainers = ">=2.1.0,<3.0.0"

[package.extras]
all = ["backports.zoneinfo (>=0.2.1)", "black (>=19.10b0)", "click (>=7.0)", "django (>=3.2)", "dpcontracts (>=0.4)", "lark (>=0.10.1)", "libcst (>=0.3.16)", "numpy (>=1.17.3)", "pandas (>=1.1)", "pytest (>=4.6)", "python-dateutil (>=1.4)", "pytz (>=2014.1)", "redis (>=3.0.0)", "rich (>=9.0.0)", "tzdata (>=2023.4)"]
cli = ["black (>=19.10b0)", "click (>=7.0)", "rich (>=9.0.0)"]
codemods = ["libcst (>=0.3.16)"]
dateutil = ["python-dateutil (>=1.4)"]
django = ["django (>=3.2)"]
dpcontracts = ["dpcontracts (>=0.4)"]
ghostwriter = ["black (>=19.10b0)"]
lark = ["lark (>=0.10.1)"]
numpy = ["numpy (>=1.17.3)"]
pandas = ["pandas (>=1.1)"]
pytest = ["pytest (>=4.6)"]
pytz = ["pytz (>=2014.1)"]
redis = ["redis (>=3.0.0)"]
zoneinfo = ["backports.zoneinfo (>=0.2.1)", "tzdata (>=2023.4)"]

[[package]]
name = "iniconfig"
version = "2.0.0"
description = "brain-dead simple config-ini parsing"
optional = false
python-versions = ">=3.7"
files = [
    {file = "iniconfig-2.0.0-py3-none-any.whl", hash = "sha256:b6a85871a79d2e3b22d2d1b94ac2824226a63c6b741c88f7ae975f18b6778374"},
    {file = "iniconfig-2.0.0.tar.gz", hash = "sha256:2d91e135bf72d31a410b17c16da610a82cb55f6b0477d1a902134b24a455b8b3"},
]

[[package]]
name = "nodeenv"
version = "1.8.0"
description = "Node.js virtual environment builder"
optional = false
python-versions = ">=2.7,!=3.0.*,!=3.1.*,!=3.2.*,!=3.3.*,!=3.4.*,!=3.5.*,!=3.6.*"
files = [
    {file = "nodeenv-1.8.0-py2.py3-none-any.whl", hash = "sha256:df865724bb3c3adc86b3876fa209771517b0cfe596beff01a92700e0e8be4cec"},
    {file = "nodeenv-1.8.0.tar.gz", hash = "sha256:d51e0c37e64fbf47d017feac3145cdbb58836d7eee8c6f6d3b6880c5456227d2"},
]

[package.dependencies]
setuptools = "*"

[[package]]
name = "packaging"
version = "23.2"
description = "Core utilities for Python packages"
optional = false
python-versions = ">=3.7"
files = [
    {file = "packaging-23.2-py3-none-any.whl", hash = "sha256:8c491190033a9af7e1d931d0b5dacc2ef47509b34dd0de67ed209b5203fc88c7"},
    {file = "packaging-23.2.tar.gz", hash = "sha256:048fb0e9405036518eaaf48a55953c750c11e1a1b68e0dd1a9d62ed0c092cfc5"},
]

[[package]]
name = "pluggy"
version = "1.4.0"
description = "plugin and hook calling mechanisms for python"
optional = false
python-versions = ">=3.8"
files = [
    {file = "pluggy-1.4.0-py3-none-any.whl", hash = "sha256:7db9f7b503d67d1c5b95f59773ebb58a8c1c288129a88665838012cfb07b8981"},
    {file = "pluggy-1.4.0.tar.gz", hash = "sha256:8c85c2876142a764e5b7548e7d9a0e0ddb46f5185161049a79b7e974454223be"},
]

[package.extras]
dev = ["pre-commit", "tox"]
testing = ["pytest", "pytest-benchmark"]

[[package]]
name = "pyright"
version = "1.1.349"
description = "Command line wrapper for pyright"
optional = false
python-versions = ">=3.7"
files = [
    {file = "pyright-1.1.349-py3-none-any.whl", hash = "sha256:8f9189ddb62222a35b3525666225f1d8f24244cbff5893c42b3f001d8ebafa1a"},
    {file = "pyright-1.1.349.tar.gz", hash = "sha256:af4ab7f103a0b2a92e5fbf248bf734e9a98247991350ac989ead34e97148f91c"},
]

[package.dependencies]
nodeenv = ">=1.6.0"

[package.extras]
all = ["twine (>=3.4.1)"]
dev = ["twine (>=3.4.1)"]

[[package]]
name = "pytest"
version = "8.0.0"
description = "pytest: simple powerful testing with Python"
optional = false
python-versions = ">=3.8"
files = [
    {file = "pytest-8.0.0-py3-none-any.whl", hash = "sha256:50fb9cbe836c3f20f0dfa99c565201fb75dc54c8d76373cd1bde06b06657bdb6"},
    {file = "pytest-8.0.0.tar.gz", hash = "sha256:249b1b0864530ba251b7438274c4d251c58d868edaaec8762893ad4a0d71c36c"},
]

[package.dependencies]
colorama = {version = "*", markers = "sys_platform == \"win32\""}
iniconfig = "*"
packaging = "*"
pluggy = ">=1.3.0,<2.0"

[package.extras]
testing = ["argcomplete", "attrs (>=19.2.0)", "hypothesis (>=3.56)", "mock", "nose", "pygments (>=2.7.2)", "requests", "setuptools", "xmlschema"]

[[package]]
name = "ruff"
version = "0.2.0"
description = "An extremely fast Python linter and code formatter, written in Rust."
optional = false
python-versions = ">=3.7"
files = [
    {file = "ruff-0.2.0-py3-none-macosx_10_12_x86_64.macosx_11_0_arm64.macosx_10_12_universal2.whl", hash = "sha256:638ea3294f800d18bae84a492cb5a245c8d29c90d19a91d8e338937a4c27fca0"},
    {file = "ruff-0.2.0-py3-none-macosx_10_12_x86_64.whl", hash = "sha256:3ff35433fcf4dff6d610738712152df6b7d92351a1bde8e00bd405b08b3d5759"},
    {file = "ruff-0.2.0-py3-none-manylinux_2_17_aarch64.manylinux2014_aarch64.whl", hash = "sha256:bf9faafbdcf4f53917019f2c230766da437d4fd5caecd12ddb68bb6a17d74399"},
    {file = "ruff-0.2.0-py3-none-manylinux_2_17_armv7l.manylinux2014_armv7l.whl", hash = "sha256:8153a3e4128ed770871c47545f1ae7b055023e0c222ff72a759f5a341ee06483"},
    {file = "ruff-0.2.0-py3-none-manylinux_2_17_i686.manylinux2014_i686.whl", hash = "sha256:e8a75a98ae989a27090e9c51f763990ad5bbc92d20626d54e9701c7fe597f399"},
    {file = "ruff-0.2.0-py3-none-manylinux_2_17_ppc64.manylinux2014_ppc64.whl", hash = "sha256:87057dd2fdde297130ff99553be8549ca38a2965871462a97394c22ed2dfc19d"},
    {file = "ruff-0.2.0-py3-none-manylinux_2_17_ppc64le.manylinux2014_ppc64le.whl", hash = "sha256:6d232f99d3ab00094ebaf88e0fb7a8ccacaa54cc7fa3b8993d9627a11e6aed7a"},
    {file = "ruff-0.2.0-py3-none-manylinux_2_17_s390x.manylinux2014_s390x.whl", hash = "sha256:3d3c641f95f435fc6754b05591774a17df41648f0daf3de0d75ad3d9f099ab92"},
    {file = "ruff-0.2.0-py3-none-manylinux_2_17_x86_64.manylinux2014_x86_64.whl", hash = "sha256:3826fb34c144ef1e171b323ed6ae9146ab76d109960addca730756dc19dc7b22"},
    {file = "ruff-0.2.0-py3-none-musllinux_1_2_aarch64.whl", hash = "sha256:eceab7d85d09321b4de18b62d38710cf296cb49e98979960a59c6b9307c18cfe"},
    {file = "ruff-0.2.0-py3-none-musllinux_1_2_armv7l.whl", hash = "sha256:30ad74687e1f4a9ff8e513b20b82ccadb6bd796fe5697f1e417189c5cde6be3e"},
    {file = "ruff-0.2.0-py3-none-musllinux_1_2_i686.whl", hash = "sha256:a7e3818698f8460bd0f8d4322bbe99db8327e9bc2c93c789d3159f5b335f47da"},
    {file = "ruff-0.2.0-py3-none-musllinux_1_2_x86_64.whl", hash = "sha256:edf23041242c48b0d8295214783ef543847ef29e8226d9f69bf96592dba82a83"},
    {file = "ruff-0.2.0-py3-none-win32.whl", hash = "sha256:e155147199c2714ff52385b760fe242bb99ea64b240a9ffbd6a5918eb1268843"},
    {file = "ruff-0.2.0-py3-none-win_amd64.whl", hash = "sha256:ba918e01cdd21e81b07555564f40d307b0caafa9a7a65742e98ff244f5035c59"},
    {file = "ruff-0.2.0-py3-none-win_arm64.whl", hash = "sha256:3fbaff1ba9564a2c5943f8f38bc221f04bac687cc7485e45237579fee7ccda79"},
    {file = "ruff-0.2.0.tar.gz", hash = "sha256:63856b91837606c673537d2889989733d7dffde553828d3b0f0bacfa6def54be"},
]

[[package]]
name = "setuptools"
version = "69.0.3"
description = "Easily download, build, install, upgrade, and uninstall Python packages"
optional = false
python-versions = ">=3.8"
files = [
    {file = "setuptools-69.0.3-py3-none-any.whl", hash = "sha256:385eb4edd9c9d5c17540511303e39a147ce2fc04bc55289c322b9e5904fe2c05"},
    {file = "setuptools-69.0.3.tar.gz", hash = "sha256:be1af57fc409f93647f2e8e4573a142ed38724b8cdd389706a867bb4efcf1e78"},
]

[package.extras]
docs = ["furo", "jaraco.packaging (>=9.3)", "jaraco.tidelift (>=1.4)", "pygments-github-lexers (==0.0.5)", "rst.linker (>=1.9)", "sphinx (<7.2.5)", "sphinx (>=3.5)", "sphinx-favicon", "sphinx-inline-tabs", "sphinx-lint", "sphinx-notfound-page (>=1,<2)", "sphinx-reredirects", "sphinxcontrib-towncrier"]
testing = ["build[virtualenv]", "filelock (>=3.4.0)", "flake8-2020", "ini2toml[lite] (>=0.9)", "jaraco.develop (>=7.21)", "jaraco.envs (>=2.2)", "jaraco.path (>=3.2.0)", "pip (>=19.1)", "pytest (>=6)", "pytest-black (>=0.3.7)", "pytest-checkdocs (>=2.4)", "pytest-cov", "pytest-enabler (>=2.2)", "pytest-mypy (>=0.9.1)", "pytest-perf", "pytest-ruff", "pytest-timeout", "pytest-xdist", "tomli-w (>=1.0.0)", "virtualenv (>=13.0.0)", "wheel"]
testing-integration = ["build[virtualenv] (>=1.0.3)", "filelock (>=3.4.0)", "jaraco.envs (>=2.2)", "jaraco.path (>=3.2.0)", "packaging (>=23.1)", "pytest", "pytest-enabler", "pytest-xdist", "tomli", "virtualenv (>=13.0.0)", "wheel"]

[[package]]
name = "sortedcontainers"
version = "2.4.0"
description = "Sorted Containers -- Sorted List, Sorted Dict, Sorted Set"
optional = false
python-versions = "*"
files = [
    {file = "sortedcontainers-2.4.0-py2.py3-none-any.whl", hash = "sha256:a163dcaede0f1c021485e957a39245190e74249897e2ae4b2aa38595db237ee0"},
    {file = "sortedcontainers-2.4.0.tar.gz", hash = "sha256:25caa5a06cc30b6b83d11423433f65d1f9d76c4c6a0c90e3379eaa43b9bfdb88"},
]

[metadata]
lock-version = "2.0"
python-versions = "^3.12"
content-hash = "8d89e9274acd6622525ab74d6b2ca70a55eb0f05eedaa7e0bf282d8de73ad161"
